
Microsoft Visual Studio Solution File, Format Version 12.00
# Visual Studio Version 17
VisualStudioVersion = 17.10.34916.146
MinimumVisualStudioVersion = 10.0.40219.1
Project("{8BC9CEB8-8B4A-11D0-8D11-00A0C91BC942}") = "peloader", "peloader.vcxproj", "{F9D8DC06-3ADF-4265-8994-46B476EEF68A}"
EndProject
Global
	GlobalSection(SolutionConfigurationPlatforms) = preSolution
		Debug|x64 = Debug|x64
		Debug|x86 = Debug|x86
		Release|x64 = Release|x64
		Release|x86 = Release|x86
	EndGlobalSection
	GlobalSection(ProjectConfigurationPlatforms) = postSolution
		{F9D8DC06-3ADF-4265-8994-46B476EEF68A}.Debug|x64.ActiveCfg = Debug|x64
		{F9D8DC06-3ADF-4265-8994-46B476EEF68A}.Debug|x64.Build.0 = Debug|x64
		{F9D8DC06-3ADF-4265-8994-46B476EEF68A}.Debug|x86.ActiveCfg = Debug|Win32
		{F9D8DC06-3ADF-4265-8994-46B476EEF68A}.Debug|x86.Build.0 = Debug|Win32
		{F9D8DC06-3ADF-4265-8994-46B476EEF68A}.Release|x64.ActiveCfg = Release|x64
		{F9D8DC06-3ADF-4265-8994-46B476EEF68A}.Release|x64.Build.0 = Release|x64
		{F9D8DC06-3ADF-4265-8994-46B476EEF68A}.Release|x86.ActiveCfg = Release|Win32
		{F9D8DC06-3ADF-4265-8994-46B476EEF68A}.Release|x86.Build.0 = Release|Win32
	EndGlobalSection
	GlobalSection(SolutionProperties) = preSolution
		HideSolutionNode = FALSE
	EndGlobalSection
	GlobalSection(ExtensibilityGlobals) = postSolution
		SolutionGuid = {7F595CE4-8C4E-400A-9820-9CCB4A148B80}
	EndGlobalSection
EndGlobal
